
Microsoft Visual Studio Solution File, Format Version 12.00
# Visual Studio 15
VisualStudioVersion = 15.0.28307.645
MinimumVisualStudioVersion = 10.0.40219.1
Project("{FAE04EC0-301F-11D3-BF4B-00C04F79EFBC}") = "DemoApplication", "WindowsFormsApplication13\DemoApplication.csproj", "{920C2990-DD08-4652-910B-7A35F557414E}"
EndProject
Global
	GlobalSection(SolutionConfigurationPlatforms) = preSolution
		Debug|Any CPU = Debug|Any CPU
		Release|Any CPU = Release|Any CPU
	EndGlobalSection
	GlobalSection(ProjectConfigurationPlatforms) = postSolution
		{920C2990-DD08-4652-910B-7A35F557414E}.Debug|Any CPU.ActiveCfg = Debug|Any CPU
		{920C2990-DD08-4652-910B-7A35F557414E}.Debug|Any CPU.Build.0 = Debug|Any CPU
		{920C2990-DD08-4652-910B-7A35F557414E}.Release|Any CPU.ActiveCfg = Release|Any CPU
		{920C2990-DD08-4652-910B-7A35F557414E}.Release|Any CPU.Build.0 = Release|Any CPU
	EndGlobalSection
	GlobalSection(SolutionProperties) = preSolution
		HideSolutionNode = FALSE
	EndGlobalSection
	GlobalSection(ExtensibilityGlobals) = postSolution
		SolutionGuid = {80EA74E0-A01E-4912-9383-9C57D9D8C28A}
	EndGlobalSection
EndGlobal
